
Microsoft Visual Studio Solution File, Format Version 12.00
# Visual Studio Version 17
VisualStudioVersion = 17.13.35828.75
MinimumVisualStudioVersion = 10.0.40219.1
Project("{FAE04EC0-301F-11D3-BF4B-00C04F79EFBC}") = "Contatos.QueryService", "Contatos.QueryService\Contatos.QueryService.csproj", "{71993FCE-C21F-4BE0-B4E2-D26ECEC066EE}"
EndProject
Global
	GlobalSection(SolutionConfigurationPlatforms) = preSolution
		Debug|Any CPU = Debug|Any CPU
		Release|Any CPU = Release|Any CPU
	EndGlobalSection
	GlobalSection(ProjectConfigurationPlatforms) = postSolution
		{71993FCE-C21F-4BE0-B4E2-D26ECEC066EE}.Debug|Any CPU.ActiveCfg = Debug|Any CPU
		{71993FCE-C21F-4BE0-B4E2-D26ECEC066EE}.Debug|Any CPU.Build.0 = Debug|Any CPU
		{71993FCE-C21F-4BE0-B4E2-D26ECEC066EE}.Release|Any CPU.ActiveCfg = Release|Any CPU
		{71993FCE-C21F-4BE0-B4E2-D26ECEC066EE}.Release|Any CPU.Build.0 = Release|Any CPU
	EndGlobalSection
	GlobalSection(SolutionProperties) = preSolution
		HideSolutionNode = FALSE
	EndGlobalSection
	GlobalSection(ExtensibilityGlobals) = postSolution
		SolutionGuid = {DCD66A68-D314-4B4B-BF03-D919A745FE4C}
	EndGlobalSection
EndGlobal
